
Microsoft Visual Studio Solution File, Format Version 12.00
# Visual Studio 2013
VisualStudioVersion = 12.0.40629.0
MinimumVisualStudioVersion = 10.0.40219.1
Project("{FAE04EC0-301F-11D3-BF4B-00C04F79EFBC}") = "ZigId", "ZigId\ZigId.csproj", "{B453D02E-4C49-43F8-A00A-7D173E9F2558}"
EndProject
Project("{2150E333-8FDC-42A3-9474-1A3956D46DE8}") = "Solution Items", "Solution Items", "{2298BAF5-4852-40FB-9016-521AB07ACBB0}"
	ProjectSection(SolutionItems) = preProject
		Readme.md = Readme.md
	EndProjectSection
EndProject
Global
	GlobalSection(SolutionConfigurationPlatforms) = preSolution
		Debug|Any CPU = Debug|Any CPU
		Release|Any CPU = Release|Any CPU
	EndGlobalSection
	GlobalSection(ProjectConfigurationPlatforms) = postSolution
		{B453D02E-4C49-43F8-A00A-7D173E9F2558}.Debug|Any CPU.ActiveCfg = Debug|Any CPU
		{B453D02E-4C49-43F8-A00A-7D173E9F2558}.Debug|Any CPU.Build.0 = Debug|Any CPU
		{B453D02E-4C49-43F8-A00A-7D173E9F2558}.Release|Any CPU.ActiveCfg = Release|Any CPU
		{B453D02E-4C49-43F8-A00A-7D173E9F2558}.Release|Any CPU.Build.0 = Release|Any CPU
	EndGlobalSection
	GlobalSection(SolutionProperties) = preSolution
		HideSolutionNode = FALSE
	EndGlobalSection
EndGlobal
